Microsoft Visual Studio Solution File, Format Version 12.00
# Visual Studio Version 17
VisualStudioVersion = 17.5.2.0
MinimumVisualStudioVersion = 10.0.40219.1
Project("{FAE04EC0-301F-11D3-BF4B-00C04F79EFBC}") = "crudasp", "crudasp.csproj", "{9949A158-D401-677F-FF41-C4E95A0DEB40}"
EndProject
Global
	GlobalSection(SolutionConfigurationPlatforms) = preSolution
		Debug|Any CPU = Debug|Any CPU
		Release|Any CPU = Release|Any CPU
	EndGlobalSection
	GlobalSection(ProjectConfigurationPlatforms) = postSolution
		{9949A158-D401-677F-FF41-C4E95A0DEB40}.Debug|Any CPU.ActiveCfg = Debug|Any CPU
		{9949A158-D401-677F-FF41-C4E95A0DEB40}.Debug|Any CPU.Build.0 = Debug|Any CPU
		{9949A158-D401-677F-FF41-C4E95A0DEB40}.Release|Any CPU.ActiveCfg = Release|Any CPU
		{9949A158-D401-677F-FF41-C4E95A0DEB40}.Release|Any CPU.Build.0 = Release|Any CPU
	EndGlobalSection
	GlobalSection(SolutionProperties) = preSolution
		HideSolutionNode = FALSE
	EndGlobalSection
	GlobalSection(ExtensibilityGlobals) = postSolution
		SolutionGuid = {6C83465E-729C-4E19-BFEA-043ED046129C}
	EndGlobalSection
EndGlobal
